{
  "nodes": {
    "nixpkgs": {
      "locked": {
        "lastModified": 1767364772,
        "narHash": "sha256-fFUnEYMla8b7UKjijLnMe+oVFOz6HjijGGNS1l7dYaQ=",
        "owner": "nixos",
        "repo": "nixpkgs",
        "rev": "16c7794d0a28b5a37904d55bcca36003b9109aaa",
        "type": "github"
      },
      "original": {
        "owner": "nixos",
        "ref": "nixpkgs-unstable",
        "repo": "nixpkgs",
        "type": "github"
      }
    },
    "nixpkgs_2": {
      "locked": {
        "lastModified": 1764856222,
        "narHash": "sha256-yEJmtoFu4cJre1NuU4fb8q57Oux+NTbocnALtJ64aEI=",
        "owner": "nixos",
        "repo": "nixpkgs",
        "rev": "ece6e266caf1effab32eceef0403b797b4330373",
        "type": "github"
      },
      "original": {
        "owner": "nixos",
        "ref": "nixpkgs-unstable",
        "repo": "nixpkgs",
        "type": "github"
      }
    },
    "nixpkgs_3": {
      "locked": {
        "lastModified": 1764856222,
        "narHash": "sha256-yEJmtoFu4cJre1NuU4fb8q57Oux+NTbocnALtJ64aEI=",
        "owner": "nixos",
        "repo": "nixpkgs",
        "rev": "ece6e266caf1effab32eceef0403b797b4330373",
        "type": "github"
      },
      "original": {
        "owner": "nixos",
        "ref": "nixpkgs-unstable",
        "repo": "nixpkgs",
        "type": "github"
      }
    },
    "nixpkgs_4": {
      "locked": {
        "lastModified": 1764856222,
        "narHash": "sha256-yEJmtoFu4cJre1NuU4fb8q57Oux+NTbocnALtJ64aEI=",
        "owner": "nixos",
        "repo": "nixpkgs",
        "rev": "ece6e266caf1effab32eceef0403b797b4330373",
        "type": "github"
      },
      "original": {
        "owner": "nixos",
        "ref": "nixpkgs-unstable",
        "repo": "nixpkgs",
        "type": "github"
      }
    },
    "root": {
      "inputs": {
        "nixpkgs": "nixpkgs",
        "wslg-app": "wslg-app",
        "wslg-freerdp": "wslg-freerdp_2"
      }
    },
    "wslg-app": {
      "inputs": {
        "nixpkgs": "nixpkgs_2",
        "wslg-freerdp": "wslg-freerdp"
      },
      "locked": {
        "lastModified": 1767588694,
        "narHash": "sha256-XjoK9ugDCdw1VWf3dE+xDFs5zdBdOdgzuNKBGOR9F64=",
        "path": "/home/pp/workspace/wslg",
        "type": "path"
      },
      "original": {
        "path": "/home/pp/workspace/wslg",
        "type": "path"
      }
    },
    "wslg-freerdp": {
      "inputs": {
        "nixpkgs": "nixpkgs_3"
      },
      "locked": {
        "lastModified": 1764919998,
        "narHash": "sha256-QMSrVR9Fmpz0O6HXtCDkAXTc8TGlQxdHQgr/l8gQqZA=",
        "path": "/home/pp/workspace/wslg/vendor/FreeRDP",
        "type": "path"
      },
      "original": {
        "path": "/home/pp/workspace/wslg/vendor/FreeRDP",
        "type": "path"
      }
    },
    "wslg-freerdp_2": {
      "inputs": {
        "nixpkgs": "nixpkgs_4"
      },
      "locked": {
        "lastModified": 1764919998,
        "narHash": "sha256-QMSrVR9Fmpz0O6HXtCDkAXTc8TGlQxdHQgr/l8gQqZA=",
        "path": "/home/pp/workspace/wslg/vendor/FreeRDP",
        "type": "path"
      },
      "original": {
        "path": "/home/pp/workspace/wslg/vendor/FreeRDP",
        "type": "path"
      }
    }
  },
  "root": "root",
  "version": 7
}
